// !$*UTF8*$!
{
	archiveVersion = 1;
	classes = {
	};
	objectVersion = 50;
	objects = {

/* Begin PBXBuildFile section */
		1864432F23A6E35100096880 /* AppDelegate.swift in Sources */ = {isa = PBXBuildFile; fileRef = 1864432E23A6E35100096880 /* AppDelegate.swift */; };
		1864433123A6E35100096880 /* ViewController.swift in Sources */ = {isa = PBXBuildFile; fileRef = 1864433023A6E35100096880 /* ViewController.swift */; };
		1864433423A6E35100096880 /* Main.storyboard in Resources */ = {isa = PBXBuildFile; fileRef = 1864433223A6E35100096880 /* Main.storyboard */; };
		1864433623A6E35200096880 /* Assets.xcassets in Resources */ = {isa = PBXBuildFile; fileRef = 1864433523A6E35200096880 /* Assets.xcassets */; };
		1864433923A6E35200096880 /* LaunchScreen.storyboard in Resources */ = {isa = PBXBuildFile; fileRef = 1864433723A6E35200096880 /* LaunchScreen.storyboard */; };
		1864433E23A6E35300096880 /* Project1 WatchKit App.app in Embed Watch Content */ = {isa = PBXBuildFile; fileRef = 1864433D23A6E35300096880 /* Project1 WatchKit App.app */; };
		1864434423A6E35300096880 /* Interface.storyboard in Resources */ = {isa = PBXBuildFile; fileRef = 1864434223A6E35300096880 /* Interface.storyboard */; };
		1864434623A6E35300096880 /* Assets.xcassets in Resources */ = {isa = PBXBuildFile; fileRef = 1864434523A6E35300096880 /* Assets.xcassets */; };
		1864434D23A6E35300096880 /* Project1 WatchKit Extension.appex in Embed App Extensions */ = {isa = PBXBuildFile; fileRef = 1864434C23A6E35300096880 /* Project1 WatchKit Extension.appex */; settings = {ATTRIBUTES = (RemoveHeadersOnCopy, ); }; };
		1864435223A6E35300096880 /* InterfaceController.swift in Sources */ = {isa = PBXBuildFile; fileRef = 1864435123A6E35300096880 /* InterfaceController.swift */; };
		1864435423A6E35300096880 /* ExtensionDelegate.swift in Sources */ = {isa = PBXBuildFile; fileRef = 1864435323A6E35300096880 /* ExtensionDelegate.swift */; };
		1864435623A6E35400096880 /* Assets.xcassets in Resources */ = {isa = PBXBuildFile; fileRef = 1864435523A6E35400096880 /* Assets.xcassets */; };
/* End PBXBuildFile section */

/* Begin PBXContainerItemProxy section */
		1864433F23A6E35300096880 /* PBXContainerItemProxy */ = {
			isa = PBXContainerItemProxy;
			containerPortal = 1864432323A6E35100096880 /* Project object */;
			proxyType = 1;
			remoteGlobalIDString = 1864433C23A6E35300096880;
			remoteInfo = "Project1 WatchKit App";
		};
		1864434E23A6E35300096880 /* PBXContainerItemProxy */ = {
			isa = PBXContainerItemProxy;
			containerPortal = 1864432323A6E35100096880 /* Project object */;
			proxyType = 1;
			remoteGlobalIDString = 1864434B23A6E35300096880;
			remoteInfo = "Project1 WatchKit Extension";
		};
/* End PBXContainerItemProxy section */

/* Begin PBXCopyFilesBuildPhase section */
		1864435D23A6E35400096880 /* Embed App Extensions */ = {
			isa = PBXCopyFilesBuildPhase;
			buildActionMask = 2147483647;
			dstPath = "";
			dstSubfolderSpec = 13;
			files = (
				1864434D23A6E35300096880 /* Project1 WatchKit Extension.appex in Embed App Extensions */,
			);
			name = "Embed App Extensions";
			runOnlyForDeploymentPostprocessing = 0;
		};
		1864436123A6E35400096880 /* Embed Watch Content */ = {
			isa = PBXCopyFilesBuildPhase;
			buildActionMask = 2147483647;
			dstPath = "$(CONTENTS_FOLDER_PATH)/Watch";
			dstSubfolderSpec = 16;
			files = (
				1864433E23A6E35300096880 /* Project1 WatchKit App.app in Embed Watch Content */,
			);
			name = "Embed Watch Content";
			runOnlyForDeploymentPostprocessing = 0;
		};
/* End PBXCopyFilesBuildPhase section */

/* Begin PBXFileReference section */
		1864432B23A6E35100096880 /* Project1.app */ = {isa = PBXFileReference; explicitFileType = wrapper.application; includeInIndex = 0; path = Project1.app; sourceTree = BUILT_PRODUCTS_DIR; };
		1864432E23A6E35100096880 /* AppDelegate.swift */ = {isa = PBXFileReference; lastKnownFileType = sourcecode.swift; path = AppDelegate.swift; sourceTree = "<group>"; };
		1864433023A6E35100096880 /* ViewController.swift */ = {isa = PBXFileReference; lastKnownFileType = sourcecode.swift; path = ViewController.swift; sourceTree = "<group>"; };
		1864433323A6E35100096880 /* Base */ = {isa = PBXFileReference; lastKnownFileType = file.storyboard; name = Base; path = Base.lproj/Main.storyboard; sourceTree = "<group>"; };
		1864433523A6E35200096880 /* Assets.xcassets */ = {isa = PBXFileReference; lastKnownFileType = folder.assetcatalog; path = Assets.xcassets; sourceTree = "<group>"; };
		1864433823A6E35200096880 /* Base */ = {isa = PBXFileReference; lastKnownFileType = file.storyboard; name = Base; path = Base.lproj/LaunchScreen.storyboard; sourceTree = "<group>"; };
		1864433A23A6E35200096880 /* Info.plist */ = {isa = PBXFileReference; lastKnownFileType = text.plist.xml; path = Info.plist; sourceTree = "<group>"; };
		1864433D23A6E35300096880 /* Project1 WatchKit App.app */ = {isa = PBXFileReference; explicitFileType = wrapper.application; includeInIndex = 0; path = "Project1 WatchKit App.app"; sourceTree = BUILT_PRODUCTS_DIR; };
		1864434323A6E35300096880 /* Base */ = {isa = PBXFileReference; lastKnownFileType = file.storyboard; name = Base; path = Base.lproj/Interface.storyboard; sourceTree = "<group>"; };
		1864434523A6E35300096880 /* Assets.xcassets */ = {isa = PBXFileReference; lastKnownFileType = folder.assetcatalog; path = Assets.xcassets; sourceTree = "<group>"; };
		1864434723A6E35300096880 /* Info.plist */ = {isa = PBXFileReference; lastKnownFileType = text.plist.xml; path = Info.plist; sourceTree = "<group>"; };
		1864434C23A6E35300096880 /* Project1 WatchKit Extension.appex */ = {isa = PBXFileReference; explicitFileType = "wrapper.app-extension"; includeInIndex = 0; path = "Project1 WatchKit Extension.appex"; sourceTree = BUILT_PRODUCTS_DIR; };
		1864435123A6E35300096880 /* InterfaceController.swift */ = {isa = PBXFileReference; lastKnownFileType = sourcecode.swift; path = InterfaceController.swift; sourceTree = "<group>"; };
		1864435323A6E35300096880 /* ExtensionDelegate.swift */ = {isa = PBXFileReference; lastKnownFileType = sourcecode.swift; path = ExtensionDelegate.swift; sourceTree = "<group>"; };
		1864435523A6E35400096880 /* Assets.xcassets */ = {isa = PBXFileReference; lastKnownFileType = folder.assetcatalog; path = Assets.xcassets; sourceTree = "<group>"; };
		1864435723A6E35400096880 /* Info.plist */ = {isa = PBXFileReference; lastKnownFileType = text.plist.xml; path = Info.plist; sourceTree = "<group>"; };
/* End PBXFileReference section */

/* Begin PBXFrameworksBuildPhase section */
		1864432823A6E35100096880 /* Frameworks */ = {
			isa = PBXFrameworksBuildPhase;
			buildActionMask = 2147483647;
			files = (
			);
			runOnlyForDeploymentPostprocessing = 0;
		};
		1864434923A6E35300096880 /* Frameworks */ = {
			isa = PBXFrameworksBuildPhase;
			buildActionMask = 2147483647;
			files = (
			);
			runOnlyForDeploymentPostprocessing = 0;
		};
/* End PBXFrameworksBuildPhase section */

/* Begin PBXGroup section */
		1864432223A6E35100096880 = {
			isa = PBXGroup;
			children = (
				1864432D23A6E35100096880 /* Project1 */,
				1864434123A6E35300096880 /* Project1 WatchKit App */,
				1864435023A6E35300096880 /* Project1 WatchKit Extension */,
				1864432C23A6E35100096880 /* Products */,
			);
			sourceTree = "<group>";
		};
		1864432C23A6E35100096880 /* Products */ = {
			isa = PBXGroup;
			children = (
				1864432B23A6E35100096880 /* Project1.app */,
				1864433D23A6E35300096880 /* Project1 WatchKit App.app */,
				1864434C23A6E35300096880 /* Project1 WatchKit Extension.appex */,
			);
			name = Products;
			sourceTree = "<group>";
		};
		1864432D23A6E35100096880 /* Project1 */ = {
			isa = PBXGroup;
			children = (
				1864432E23A6E35100096880 /* AppDelegate.swift */,
				1864433023A6E35100096880 /* ViewController.swift */,
				1864433223A6E35100096880 /* Main.storyboard */,
				1864433523A6E35200096880 /* Assets.xcassets */,
				1864433723A6E35200096880 /* LaunchScreen.storyboard */,
				1864433A23A6E35200096880 /* Info.plist */,
			);
			path = Project1;
			sourceTree = "<group>";
		};
		1864434123A6E35300096880 /* Project1 WatchKit App */ = {
			isa = PBXGroup;
			children = (
				1864434223A6E35300096880 /* Interface.storyboard */,
				1864434523A6E35300096880 /* Assets.xcassets */,
				1864434723A6E35300096880 /* Info.plist */,
			);
			path = "Project1 WatchKit App";
			sourceTree = "<group>";
		};
		1864435023A6E35300096880 /* Project1 WatchKit Extension */ = {
			isa = PBXGroup;
			children = (
				1864435123A6E35300096880 /* InterfaceController.swift */,
				1864435323A6E35300096880 /* ExtensionDelegate.swift */,
				1864435523A6E35400096880 /* Assets.xcassets */,
				1864435723A6E35400096880 /* Info.plist */,
			);
			path = "Project1 WatchKit Extension";
			sourceTree = "<group>";
		};
/* End PBXGroup section */

/* Begin PBXNativeTarget section */
		1864432A23A6E35100096880 /* Project1 */ = {
			isa = PBXNativeTarget;
			buildConfigurationList = 1864436223A6E35400096880 /* Build configuration list for PBXNativeTarget "Project1" */;
			buildPhases = (
				1864432723A6E35100096880 /* Sources */,
				1864432823A6E35100096880 /* Frameworks */,
				1864432923A6E35100096880 /* Resources */,
				1864436123A6E35400096880 /* Embed Watch Content */,
			);
			buildRules = (
			);
			dependencies = (
				1864434023A6E35300096880 /* PBXTargetDependency */,
			);
			name = Project1;
			productName = Project1;
			productReference = 1864432B23A6E35100096880 /* Project1.app */;
			productType = "com.apple.product-type.application";
		};
		1864433C23A6E35300096880 /* Project1 WatchKit App */ = {
			isa = PBXNativeTarget;
			buildConfigurationList = 1864435E23A6E35400096880 /* Build configuration list for PBXNativeTarget "Project1 WatchKit App" */;
			buildPhases = (
				1864433B23A6E35300096880 /* Resources */,
				1864435D23A6E35400096880 /* Embed App Extensions */,
			);
			buildRules = (
			);
			dependencies = (
				1864434F23A6E35300096880 /* PBXTargetDependency */,
			);
			name = "Project1 WatchKit App";
			productName = "Project1 WatchKit App";
			productReference = 1864433D23A6E35300096880 /* Project1 WatchKit App.app */;
			productType = "com.apple.product-type.application.watchapp2";
		};
		1864434B23A6E35300096880 /* Project1 WatchKit Extension */ = {
			isa = PBXNativeTarget;
			buildConfigurationList = 1864435A23A6E35400096880 /* Build configuration list for PBXNativeTarget "Project1 WatchKit Extension" */;
			buildPhases = (
				1864434823A6E35300096880 /* Sources */,
				1864434923A6E35300096880 /* Frameworks */,
				1864434A23A6E35300096880 /* Resources */,
			);
			buildRules = (
			);
			dependencies = (
			);
			name = "Project1 WatchKit Extension";
			productName = "Project1 WatchKit Extension";
			productReference = 1864434C23A6E35300096880 /* Project1 WatchKit Extension.appex */;
			productType = "com.apple.product-type.watchkit2-extension";
		};
/* End PBXNativeTarget section */

/* Begin PBXProject section */
		1864432323A6E35100096880 /* Project object */ = {
			isa = PBXProject;
			attributes = {
				LastSwiftUpdateCheck = 1020;
				LastUpgradeCheck = 1020;
				ORGANIZATIONNAME = "Aaron Huánuco";
				TargetAttributes = {
					1864432A23A6E35100096880 = {
						CreatedOnToolsVersion = 10.2;
					};
					1864433C23A6E35300096880 = {
						CreatedOnToolsVersion = 10.2;
					};
					1864434B23A6E35300096880 = {
						CreatedOnToolsVersion = 10.2;
					};
				};
			};
			buildConfigurationList = 1864432623A6E35100096880 /* Build configuration list for PBXProject "Project1" */;
			compatibilityVersion = "Xcode 9.3";
			developmentRegion = en;
			hasScannedForEncodings = 0;
			knownRegions = (
				en,
				Base,
			);
			mainGroup = 1864432223A6E35100096880;
			productRefGroup = 1864432C23A6E35100096880 /* Products */;
			projectDirPath = "";
			projectRoot = "";
			targets = (
				1864432A23A6E35100096880 /* Project1 */,
				1864433C23A6E35300096880 /* Project1 WatchKit App */,
				1864434B23A6E35300096880 /* Project1 WatchKit Extension */,
			);
		};
/* End PBXProject section */

/* Begin PBXResourcesBuildPhase section */
		1864432923A6E35100096880 /* Resources */ = {
			isa = PBXResourcesBuildPhase;
			buildActionMask = 2147483647;
			files = (
				1864433923A6E35200096880 /* LaunchScreen.storyboard in Resources */,
				1864433623A6E35200096880 /* Assets.xcassets in Resources */,
				1864433423A6E35100096880 /* Main.storyboard in Resources */,
			);
			runOnlyForDeploymentPostprocessing = 0;
		};
		1864433B23A6E35300096880 /* Resources */ = {
			isa = PBXResourcesBuildPhase;
			buildActionMask = 2147483647;
			files = (
				1864434623A6E35300096880 /* Assets.xcassets in Resources */,
				1864434423A6E35300096880 /* Interface.storyboard in Resources */,
			);
			runOnlyForDeploymentPostprocessing = 0;
		};
		1864434A23A6E35300096880 /* Resources */ = {
			isa = PBXResourcesBuildPhase;
			buildActionMask = 2147483647;
			files = (
				1864435623A6E35400096880 /* Assets.xcassets in Resources */,
			);
			runOnlyForDeploymentPostprocessing = 0;
		};
/* End PBXResourcesBuildPhase section */

/* Begin PBXSourcesBuildPhase section */
		1864432723A6E35100096880 /* Sources */ = {
			isa = PBXSourcesBuildPhase;
			buildActionMask = 2147483647;
			files = (
				1864433123A6E35100096880 /* ViewController.swift in Sources */,
				1864432F23A6E35100096880 /* AppDelegate.swift in Sources */,
			);
			runOnlyForDeploymentPostprocessing = 0;
		};
		1864434823A6E35300096880 /* Sources */ = {
			isa = PBXSourcesBuildPhase;
			buildActionMask = 2147483647;
			files = (
				1864435423A6E35300096880 /* ExtensionDelegate.swift in Sources */,
				1864435223A6E35300096880 /* InterfaceController.swift in Sources */,
			);
			runOnlyForDeploymentPostprocessing = 0;
		};
/* End PBXSourcesBuildPhase section */

/* Begin PBXTargetDependency section */
		1864434023A6E35300096880 /* PBXTargetDependency */ = {
			isa = PBXTargetDependency;
			target = 1864433C23A6E35300096880 /* Project1 WatchKit App */;
			targetProxy = 1864433F23A6E35300096880 /* PBXContainerItemProxy */;
		};
		1864434F23A6E35300096880 /* PBXTargetDependency */ = {
			isa = PBXTargetDependency;
			target = 1864434B23A6E35300096880 /* Project1 WatchKit Extension */;
			targetProxy = 1864434E23A6E35300096880 /* PBXContainerItemProxy */;
		};
/* End PBXTargetDependency section */

/* Begin PBXVariantGroup section */
		1864433223A6E35100096880 /* Main.storyboard */ = {
			isa = PBXVariantGroup;
			children = (
				1864433323A6E35100096880 /* Base */,
			);
			name = Main.storyboard;
			sourceTree = "<group>";
		};
		1864433723A6E35200096880 /* LaunchScreen.storyboard */ = {
			isa = PBXVariantGroup;
			children = (
				1864433823A6E35200096880 /* Base */,
			);
			name = LaunchScreen.storyboard;
			sourceTree = "<group>";
		};
		1864434223A6E35300096880 /* Interface.storyboard */ = {
			isa = PBXVariantGroup;
			children = (
				1864434323A6E35300096880 /* Base */,
			);
			name = Interface.storyboard;
			sourceTree = "<group>";
		};
/* End PBXVariantGroup section */

/* Begin XCBuildConfiguration section */
		1864435823A6E35400096880 /* Debug */ = {
			isa = XCBuildConfiguration;
			buildSettings = {
				ALWAYS_SEARCH_USER_PATHS = NO;
				CLANG_ANALYZER_NONNULL = YES;
				CLANG_ANALYZER_NUMBER_OBJECT_CONVERSION = YES_AGGRESSIVE;
				CLANG_CXX_LANGUAGE_STANDARD = "gnu++14";
				CLANG_CXX_LIBRARY = "libc++";
				CLANG_ENABLE_MODULES = YES;
				CLANG_ENABLE_OBJC_ARC = YES;
				CLANG_ENABLE_OBJC_WEAK = YES;
				CLANG_WARN_BLOCK_CAPTURE_AUTORELEASING = YES;
				CLANG_WARN_BOOL_CONVERSION = YES;
				CLANG_WARN_COMMA = YES;
				CLANG_WARN_CONSTANT_CONVERSION = YES;
				CLANG_WARN_DEPRECATED_OBJC_IMPLEMENTATIONS = YES;
				CLANG_WARN_DIRECT_OBJC_ISA_USAGE = YES_ERROR;
				CLANG_WARN_DOCUMENTATION_COMMENTS = YES;
				CLANG_WARN_EMPTY_BODY = YES;
				CLANG_WARN_ENUM_CONVERSION = YES;
				CLANG_WARN_INFINITE_RECURSION = YES;
				CLANG_WARN_INT_CONVERSION = YES;
				CLANG_WARN_NON_LITERAL_NULL_CONVERSION = YES;
				CLANG_WARN_OBJC_IMPLICIT_RETAIN_SELF = YES;
				CLANG_WARN_OBJC_LITERAL_CONVERSION = YES;
				CLANG_WARN_OBJC_ROOT_CLASS = YES_ERROR;
				CLANG_WARN_RANGE_LOOP_ANALYSIS = YES;
				CLANG_WARN_STRICT_PROTOTYPES = YES;
				CLANG_WARN_SUSPICIOUS_MOVE = YES;
				CLANG_WARN_UNGUARDED_AVAILABILITY = YES_AGGRESSIVE;
				CLANG_WARN_UNREACHABLE_CODE = YES;
				CLANG_WARN__DUPLICATE_METHOD_MATCH = YES;
				CODE_SIGN_IDENTITY = "iPhone Developer";
				COPY_PHASE_STRIP = NO;
				DEBUG_INFORMATION_FORMAT = dwarf;
				ENABLE_STRICT_OBJC_MSGSEND = YES;
				ENABLE_TESTABILITY = YES;
				GCC_C_LANGUAGE_STANDARD = gnu11;
				GCC_DYNAMIC_NO_PIC = NO;
				GCC_NO_COMMON_BLOCKS = YES;
				GCC_OPTIMIZATION_LEVEL = 0;
				GCC_PREPROCESSOR_DEFINITIONS = (
					"DEBUG=1",
					"$(inherited)",
				);
				GCC_WARN_64_TO_32_BIT_CONVERSION = YES;
				GCC_WARN_ABOUT_RETURN_TYPE = YES_ERROR;
				GCC_WARN_UNDECLARED_SELECTOR = YES;
				GCC_WARN_UNINITIALIZED_AUTOS = YES_AGGRESSIVE;
				GCC_WARN_UNUSED_FUNCTION = YES;
				GCC_WARN_UNUSED_VARIABLE = YES;
				IPHONEOS_DEPLOYMENT_TARGET = 12.2;
				MTL_ENABLE_DEBUG_INFO = INCLUDE_SOURCE;
				MTL_FAST_MATH = YES;
				ONLY_ACTIVE_ARCH = YES;
				SDKROOT = iphoneos;
				SWIFT_ACTIVE_COMPILATION_CONDITIONS = DEBUG;
				SWIFT_OPTIMIZATION_LEVEL = "-Onone";
			};
			name = Debug;
		};
		1864435923A6E35400096880 /* Release */ = {
			isa = XCBuildConfiguration;
			buildSettings = {
				ALWAYS_SEARCH_USER_PATHS = NO;
				CLANG_ANALYZER_NONNULL = YES;
				CLANG_ANALYZER_NUMBER_OBJECT_CONVERSION = YES_AGGRESSIVE;
				CLANG_CXX_LANGUAGE_STANDARD = "gnu++14";
				CLANG_CXX_LIBRARY = "libc++";
				CLANG_ENABLE_MODULES = YES;
				CLANG_ENABLE_OBJC_ARC = YES;
				CLANG_ENABLE_OBJC_WEAK = YES;
				CLANG_WARN_BLOCK_CAPTURE_AUTORELEASING = YES;
				CLANG_WARN_BOOL_CONVERSION = YES;
				CLANG_WARN_COMMA = YES;
				CLANG_WARN_CONSTANT_CONVERSION = YES;
				CLANG_WARN_DEPRECATED_OBJC_IMPLEMENTATIONS = YES;
				CLANG_WARN_DIRECT_OBJC_ISA_USAGE = YES_ERROR;
				CLANG_WARN_DOCUMENTATION_COMMENTS = YES;
				CLANG_WARN_EMPTY_BODY = YES;
				CLANG_WARN_ENUM_CONVERSION = YES;
				CLANG_WARN_INFINITE_RECURSION = YES;
				CLANG_WARN_INT_CONVERSION = YES;
				CLANG_WARN_NON_LITERAL_NULL_CONVERSION = YES;
				CLANG_WARN_OBJC_IMPLICIT_RETAIN_SELF = YES;
				CLANG_WARN_OBJC_LITERAL_CONVERSION = YES;
				CLANG_WARN_OBJC_ROOT_CLASS = YES_ERROR;
				CLANG_WARN_RANGE_LOOP_ANALYSIS = YES;
				CLANG_WARN_STRICT_PROTOTYPES = YES;
				CLANG_WARN_SUSPICIOUS_MOVE = YES;
				CLANG_WARN_UNGUARDED_AVAILABILITY = YES_AGGRESSIVE;
				CLANG_WARN_UNREACHABLE_CODE = YES;
				CLANG_WARN__DUPLICATE_METHOD_MATCH = YES;
				CODE_SIGN_IDENTITY = "iPhone Developer";
				COPY_PHASE_STRIP = NO;
				DEBUG_INFORMATION_FORMAT = "dwarf-with-dsym";
				ENABLE_NS_ASSERTIONS = NO;
				ENABLE_STRICT_OBJC_MSGSEND = YES;
				GCC_C_LANGUAGE_STANDARD = gnu11;
				GCC_NO_COMMON_BLOCKS = YES;
				GCC_WARN_64_TO_32_BIT_CONVERSION = YES;
				GCC_WARN_ABOUT_RETURN_TYPE = YES_ERROR;
				GCC_WARN_UNDECLARED_SELECTOR = YES;
				GCC_WARN_UNINITIALIZED_AUTOS = YES_AGGRESSIVE;
				GCC_WARN_UNUSED_FUNCTION = YES;
				GCC_WARN_UNUSED_VARIABLE = YES;
				IPHONEOS_DEPLOYMENT_TARGET = 12.2;
				MTL_ENABLE_DEBUG_INFO = NO;
				MTL_FAST_MATH = YES;
				SDKROOT = iphoneos;
				SWIFT_COMPILATION_MODE = wholemodule;
				SWIFT_OPTIMIZATION_LEVEL = "-O";
				VALIDATE_PRODUCT = YES;
			};
			name = Release;
		};
		1864435B23A6E35400096880 /* Debug */ = {
			isa = XCBuildConfiguration;
			buildSettings = {
				ASSETCATALOG_COMPILER_COMPLICATION_NAME = Complication;
				CODE_SIGN_STYLE = Automatic;
				DEVELOPMENT_TEAM = TXH9ALPT83;
				INFOPLIST_FILE = "Project1 WatchKit Extension/Info.plist";
				LD_RUNPATH_SEARCH_PATHS = (
					"$(inherited)",
					"@executable_path/Frameworks",
					"@executable_path/../../Frameworks",
				);
				PRODUCT_BUNDLE_IDENTIFIER = aaronmhr.Project1.watchkitapp.watchkitextension;
				PRODUCT_NAME = "${TARGET_NAME}";
				SDKROOT = watchos;
				SKIP_INSTALL = YES;
				SWIFT_VERSION = 5.0;
				TARGETED_DEVICE_FAMILY = 4;
				WATCHOS_DEPLOYMENT_TARGET = 5.2;
			};
			name = Debug;
		};
		1864435C23A6E35400096880 /* Release */ = {
			isa = XCBuildConfiguration;
			buildSettings = {
				ASSETCATALOG_COMPILER_COMPLICATION_NAME = Complication;
				CODE_SIGN_STYLE = Automatic;
				DEVELOPMENT_TEAM = TXH9ALPT83;
				INFOPLIST_FILE = "Project1 WatchKit Extension/Info.plist";
				LD_RUNPATH_SEARCH_PATHS = (
					"$(inherited)",
					"@executable_path/Frameworks",
					"@executable_path/../../Frameworks",
				);
				PRODUCT_BUNDLE_IDENTIFIER = aaronmhr.Project1.watchkitapp.watchkitextension;
				PRODUCT_NAME = "${TARGET_NAME}";
				SDKROOT = watchos;
				SKIP_INSTALL = YES;
				SWIFT_VERSION = 5.0;
				TARGETED_DEVICE_FAMILY = 4;
				WATCHOS_DEPLOYMENT_TARGET = 5.2;
			};
			name = Release;
		};
		1864435F23A6E35400096880 /* Debug */ = {
			isa = XCBuildConfiguration;
			buildSettings = {
				ALWAYS_EMBED_SWIFT_STANDARD_LIBRARIES = YES;
				ASSETCATALOG_COMPILER_APPICON_NAME = AppIcon;
				CODE_SIGN_STYLE = Automatic;
				DEVELOPMENT_TEAM = TXH9ALPT83;
				IBSC_MODULE = Project1_WatchKit_Extension;
				INFOPLIST_FILE = "Project1 WatchKit App/Info.plist";
				PRODUCT_BUNDLE_IDENTIFIER = aaronmhr.Project1.watchkitapp;
				PRODUCT_NAME = "$(TARGET_NAME)";
				SDKROOT = watchos;
				SKIP_INSTALL = YES;
				SWIFT_VERSION = 5.0;
				TARGETED_DEVICE_FAMILY = 4;
				WATCHOS_DEPLOYMENT_TARGET = 5.2;
			};
			name = Debug;
		};
		1864436023A6E35400096880 /* Release */ = {
			isa = XCBuildConfiguration;
			buildSettings = {
				ALWAYS_EMBED_SWIFT_STANDARD_LIBRARIES = YES;
				ASSETCATALOG_COMPILER_APPICON_NAME = AppIcon;
				CODE_SIGN_STYLE = Automatic;
				DEVELOPMENT_TEAM = TXH9ALPT83;
				IBSC_MODULE = Project1_WatchKit_Extension;
				INFOPLIST_FILE = "Project1 WatchKit App/Info.plist";
				PRODUCT_BUNDLE_IDENTIFIER = aaronmhr.Project1.watchkitapp;
				PRODUCT_NAME = "$(TARGET_NAME)";
				SDKROOT = watchos;
				SKIP_INSTALL = YES;
				SWIFT_VERSION = 5.0;
				TARGETED_DEVICE_FAMILY = 4;
				WATCHOS_DEPLOYMENT_TARGET = 5.2;
			};
			name = Release;
		};
		1864436323A6E35400096880 /* Debug */ = {
			isa = XCBuildConfiguration;
			buildSettings = {
				ASSETCATALOG_COMPILER_APPICON_NAME = AppIcon;
				CODE_SIGN_STYLE = Automatic;
				DEVELOPMENT_TEAM = TXH9ALPT83;
				INFOPLIST_FILE = Project1/Info.plist;
				LD_RUNPATH_SEARCH_PATHS = (
					"$(inherited)",
					"@executable_path/Frameworks",
				);
				PRODUCT_BUNDLE_IDENTIFIER = aaronmhr.Project1;
				PRODUCT_NAME = "$(TARGET_NAME)";
				SWIFT_VERSION = 5.0;
				TARGETED_DEVICE_FAMILY = "1,2";
			};
			name = Debug;
		};
		1864436423A6E35400096880 /* Release */ = {
			isa = XCBuildConfiguration;
			buildSettings = {
				ASSETCATALOG_COMPILER_APPICON_NAME = AppIcon;
				CODE_SIGN_STYLE = Automatic;
				DEVELOPMENT_TEAM = TXH9ALPT83;
				INFOPLIST_FILE = Project1/Info.plist;
				LD_RUNPATH_SEARCH_PATHS = (
					"$(inherited)",
					"@executable_path/Frameworks",
				);
				PRODUCT_BUNDLE_IDENTIFIER = aaronmhr.Project1;
				PRODUCT_NAME = "$(TARGET_NAME)";
				SWIFT_VERSION = 5.0;
				TARGETED_DEVICE_FAMILY = "1,2";
			};
			name = Release;
		};
/* End XCBuildConfiguration section */

/* Begin XCConfigurationList section */
		1864432623A6E35100096880 /* Build configuration list for PBXProject "Project1" */ = {
			isa = XCConfigurationList;
			buildConfigurations = (
				1864435823A6E35400096880 /* Debug */,
				1864435923A6E35400096880 /* Release */,
			);
			defaultConfigurationIsVisible = 0;
			defaultConfigurationName = Release;
		};
		1864435A23A6E35400096880 /* Build configuration list for PBXNativeTarget "Project1 WatchKit Extension" */ = {
			isa = XCConfigurationList;
			buildConfigurations = (
				1864435B23A6E35400096880 /* Debug */,
				1864435C23A6E35400096880 /* Release */,
			);
			defaultConfigurationIsVisible = 0;
			defaultConfigurationName = Release;
		};
		1864435E23A6E35400096880 /* Build configuration list for PBXNativeTarget "Project1 WatchKit App" */ = {
			isa = XCConfigurationList;
			buildConfigurations = (
				1864435F23A6E35400096880 /* Debug */,
				1864436023A6E35400096880 /* Release */,
			);
			defaultConfigurationIsVisible = 0;
			defaultConfigurationName = Release;
		};
		1864436223A6E35400096880 /* Build configuration list for PBXNativeTarget "Project1" */ = {
			isa = XCConfigurationList;
			buildConfigurations = (
				1864436323A6E35400096880 /* Debug */,
				1864436423A6E35400096880 /* Release */,
			);
			defaultConfigurationIsVisible = 0;
			defaultConfigurationName = Release;
		};
/* End XCConfigurationList section */
	};
	rootObject = 1864432323A6E35100096880 /* Project object */;
}
