// !$*UTF8*$!
{
	archiveVersion = 1;
	classes = {
	};
	objectVersion = 50;
	objects = {

/* Begin PBXBuildFile section */
		1879B492257D6F36001DA4A7 /* NoteDictate WatchKit App.app in Embed Watch Content */ = {isa = PBXBuildFile; fileRef = 1879B491257D6F36001DA4A7 /* NoteDictate WatchKit App.app */; settings = {ATTRIBUTES = (RemoveHeadersOnCopy, ); }; };
		1879B497257D6F38001DA4A7 /* Assets.xcassets in Resources */ = {isa = PBXBuildFile; fileRef = 1879B496257D6F38001DA4A7 /* Assets.xcassets */; };
		1879B49E257D6F38001DA4A7 /* NoteDictate WatchKit Extension.appex in Embed App Extensions */ = {isa = PBXBuildFile; fileRef = 1879B49D257D6F38001DA4A7 /* NoteDictate WatchKit Extension.appex */; settings = {ATTRIBUTES = (RemoveHeadersOnCopy, ); }; };
		1879B4A3257D6F38001DA4A7 /* ContentView.swift in Sources */ = {isa = PBXBuildFile; fileRef = 1879B4A2257D6F38001DA4A7 /* ContentView.swift */; };
		1879B4A5257D6F38001DA4A7 /* NoteDictateApp.swift in Sources */ = {isa = PBXBuildFile; fileRef = 1879B4A4257D6F38001DA4A7 /* NoteDictateApp.swift */; };
		1879B4A7257D6F38001DA4A7 /* ComplicationController.swift in Sources */ = {isa = PBXBuildFile; fileRef = 1879B4A6257D6F38001DA4A7 /* ComplicationController.swift */; };
		1879B4A9257D6F38001DA4A7 /* Assets.xcassets in Resources */ = {isa = PBXBuildFile; fileRef = 1879B4A8257D6F38001DA4A7 /* Assets.xcassets */; };
		1879B4AC257D6F38001DA4A7 /* Preview Assets.xcassets in Resources */ = {isa = PBXBuildFile; fileRef = 1879B4AB257D6F38001DA4A7 /* Preview Assets.xcassets */; };
		1879B4C2257D7175001DA4A7 /* Note.swift in Sources */ = {isa = PBXBuildFile; fileRef = 1879B4BE257D7044001DA4A7 /* Note.swift */; };
/* End PBXBuildFile section */

/* Begin PBXContainerItemProxy section */
		1879B493257D6F36001DA4A7 /* PBXContainerItemProxy */ = {
			isa = PBXContainerItemProxy;
			containerPortal = 1879B487257D6F36001DA4A7 /* Project object */;
			proxyType = 1;
			remoteGlobalIDString = 1879B490257D6F36001DA4A7;
			remoteInfo = "NoteDictate WatchKit App";
		};
		1879B49F257D6F38001DA4A7 /* PBXContainerItemProxy */ = {
			isa = PBXContainerItemProxy;
			containerPortal = 1879B487257D6F36001DA4A7 /* Project object */;
			proxyType = 1;
			remoteGlobalIDString = 1879B49C257D6F38001DA4A7;
			remoteInfo = "NoteDictate WatchKit Extension";
		};
/* End PBXContainerItemProxy section */

/* Begin PBXCopyFilesBuildPhase section */
		1879B4B3257D6F39001DA4A7 /* Embed App Extensions */ = {
			isa = PBXCopyFilesBuildPhase;
			buildActionMask = 2147483647;
			dstPath = "";
			dstSubfolderSpec = 13;
			files = (
				1879B49E257D6F38001DA4A7 /* NoteDictate WatchKit Extension.appex in Embed App Extensions */,
			);
			name = "Embed App Extensions";
			runOnlyForDeploymentPostprocessing = 0;
		};
		1879B4B7257D6F39001DA4A7 /* Embed Watch Content */ = {
			isa = PBXCopyFilesBuildPhase;
			buildActionMask = 2147483647;
			dstPath = "$(CONTENTS_FOLDER_PATH)/Watch";
			dstSubfolderSpec = 16;
			files = (
				1879B492257D6F36001DA4A7 /* NoteDictate WatchKit App.app in Embed Watch Content */,
			);
			name = "Embed Watch Content";
			runOnlyForDeploymentPostprocessing = 0;
		};
/* End PBXCopyFilesBuildPhase section */

/* Begin PBXFileReference section */
		1879B48D257D6F36001DA4A7 /* NoteDictate.app */ = {isa = PBXFileReference; explicitFileType = wrapper.application; includeInIndex = 0; path = NoteDictate.app; sourceTree = BUILT_PRODUCTS_DIR; };
		1879B491257D6F36001DA4A7 /* NoteDictate WatchKit App.app */ = {isa = PBXFileReference; explicitFileType = wrapper.application; includeInIndex = 0; path = "NoteDictate WatchKit App.app"; sourceTree = BUILT_PRODUCTS_DIR; };
		1879B496257D6F38001DA4A7 /* Assets.xcassets */ = {isa = PBXFileReference; lastKnownFileType = folder.assetcatalog; path = Assets.xcassets; sourceTree = "<group>"; };
		1879B498257D6F38001DA4A7 /* Info.plist */ = {isa = PBXFileReference; lastKnownFileType = text.plist.xml; path = Info.plist; sourceTree = "<group>"; };
		1879B49D257D6F38001DA4A7 /* NoteDictate WatchKit Extension.appex */ = {isa = PBXFileReference; explicitFileType = "wrapper.app-extension"; includeInIndex = 0; path = "NoteDictate WatchKit Extension.appex"; sourceTree = BUILT_PRODUCTS_DIR; };
		1879B4A2257D6F38001DA4A7 /* ContentView.swift */ = {isa = PBXFileReference; lastKnownFileType = sourcecode.swift; path = ContentView.swift; sourceTree = "<group>"; };
		1879B4A4257D6F38001DA4A7 /* NoteDictateApp.swift */ = {isa = PBXFileReference; lastKnownFileType = sourcecode.swift; path = NoteDictateApp.swift; sourceTree = "<group>"; };
		1879B4A6257D6F38001DA4A7 /* ComplicationController.swift */ = {isa = PBXFileReference; lastKnownFileType = sourcecode.swift; path = ComplicationController.swift; sourceTree = "<group>"; };
		1879B4A8257D6F38001DA4A7 /* Assets.xcassets */ = {isa = PBXFileReference; lastKnownFileType = folder.assetcatalog; path = Assets.xcassets; sourceTree = "<group>"; };
		1879B4AB257D6F38001DA4A7 /* Preview Assets.xcassets */ = {isa = PBXFileReference; lastKnownFileType = folder.assetcatalog; path = "Preview Assets.xcassets"; sourceTree = "<group>"; };
		1879B4AD257D6F38001DA4A7 /* Info.plist */ = {isa = PBXFileReference; lastKnownFileType = text.plist.xml; path = Info.plist; sourceTree = "<group>"; };
		1879B4BE257D7044001DA4A7 /* Note.swift */ = {isa = PBXFileReference; lastKnownFileType = sourcecode.swift; path = Note.swift; sourceTree = "<group>"; };
/* End PBXFileReference section */

/* Begin PBXFrameworksBuildPhase section */
		1879B49A257D6F38001DA4A7 /* Frameworks */ = {
			isa = PBXFrameworksBuildPhase;
			buildActionMask = 2147483647;
			files = (
			);
			runOnlyForDeploymentPostprocessing = 0;
		};
/* End PBXFrameworksBuildPhase section */

/* Begin PBXGroup section */
		1879B486257D6F36001DA4A7 = {
			isa = PBXGroup;
			children = (
				1879B495257D6F36001DA4A7 /* NoteDictate WatchKit App */,
				1879B4A1257D6F38001DA4A7 /* NoteDictate WatchKit Extension */,
				1879B48E257D6F36001DA4A7 /* Products */,
			);
			sourceTree = "<group>";
		};
		1879B48E257D6F36001DA4A7 /* Products */ = {
			isa = PBXGroup;
			children = (
				1879B48D257D6F36001DA4A7 /* NoteDictate.app */,
				1879B491257D6F36001DA4A7 /* NoteDictate WatchKit App.app */,
				1879B49D257D6F38001DA4A7 /* NoteDictate WatchKit Extension.appex */,
			);
			name = Products;
			sourceTree = "<group>";
		};
		1879B495257D6F36001DA4A7 /* NoteDictate WatchKit App */ = {
			isa = PBXGroup;
			children = (
				1879B496257D6F38001DA4A7 /* Assets.xcassets */,
				1879B498257D6F38001DA4A7 /* Info.plist */,
			);
			path = "NoteDictate WatchKit App";
			sourceTree = "<group>";
		};
		1879B4A1257D6F38001DA4A7 /* NoteDictate WatchKit Extension */ = {
			isa = PBXGroup;
			children = (
				1879B4BE257D7044001DA4A7 /* Note.swift */,
				1879B4A2257D6F38001DA4A7 /* ContentView.swift */,
				1879B4A4257D6F38001DA4A7 /* NoteDictateApp.swift */,
				1879B4A6257D6F38001DA4A7 /* ComplicationController.swift */,
				1879B4A8257D6F38001DA4A7 /* Assets.xcassets */,
				1879B4AD257D6F38001DA4A7 /* Info.plist */,
				1879B4AA257D6F38001DA4A7 /* Preview Content */,
			);
			path = "NoteDictate WatchKit Extension";
			sourceTree = "<group>";
		};
		1879B4AA257D6F38001DA4A7 /* Preview Content */ = {
			isa = PBXGroup;
			children = (
				1879B4AB257D6F38001DA4A7 /* Preview Assets.xcassets */,
			);
			path = "Preview Content";
			sourceTree = "<group>";
		};
/* End PBXGroup section */

/* Begin PBXNativeTarget section */
		1879B48C257D6F36001DA4A7 /* NoteDictate */ = {
			isa = PBXNativeTarget;
			buildConfigurationList = 1879B4B8257D6F39001DA4A7 /* Build configuration list for PBXNativeTarget "NoteDictate" */;
			buildPhases = (
				1879B48B257D6F36001DA4A7 /* Resources */,
				1879B4B7257D6F39001DA4A7 /* Embed Watch Content */,
			);
			buildRules = (
			);
			dependencies = (
				1879B494257D6F36001DA4A7 /* PBXTargetDependency */,
			);
			name = NoteDictate;
			productName = NoteDictate;
			productReference = 1879B48D257D6F36001DA4A7 /* NoteDictate.app */;
			productType = "com.apple.product-type.application.watchapp2-container";
		};
		1879B490257D6F36001DA4A7 /* NoteDictate WatchKit App */ = {
			isa = PBXNativeTarget;
			buildConfigurationList = 1879B4B4257D6F39001DA4A7 /* Build configuration list for PBXNativeTarget "NoteDictate WatchKit App" */;
			buildPhases = (
				1879B48F257D6F36001DA4A7 /* Resources */,
				1879B4B3257D6F39001DA4A7 /* Embed App Extensions */,
			);
			buildRules = (
			);
			dependencies = (
				1879B4A0257D6F38001DA4A7 /* PBXTargetDependency */,
			);
			name = "NoteDictate WatchKit App";
			productName = "NoteDictate WatchKit App";
			productReference = 1879B491257D6F36001DA4A7 /* NoteDictate WatchKit App.app */;
			productType = "com.apple.product-type.application.watchapp2";
		};
		1879B49C257D6F38001DA4A7 /* NoteDictate WatchKit Extension */ = {
			isa = PBXNativeTarget;
			buildConfigurationList = 1879B4B0257D6F39001DA4A7 /* Build configuration list for PBXNativeTarget "NoteDictate WatchKit Extension" */;
			buildPhases = (
				1879B499257D6F38001DA4A7 /* Sources */,
				1879B49A257D6F38001DA4A7 /* Frameworks */,
				1879B49B257D6F38001DA4A7 /* Resources */,
			);
			buildRules = (
			);
			dependencies = (
			);
			name = "NoteDictate WatchKit Extension";
			productName = "NoteDictate WatchKit Extension";
			productReference = 1879B49D257D6F38001DA4A7 /* NoteDictate WatchKit Extension.appex */;
			productType = "com.apple.product-type.watchkit2-extension";
		};
/* End PBXNativeTarget section */

/* Begin PBXProject section */
		1879B487257D6F36001DA4A7 /* Project object */ = {
			isa = PBXProject;
			attributes = {
				LastSwiftUpdateCheck = 1210;
				LastUpgradeCheck = 1210;
				TargetAttributes = {
					1879B48C257D6F36001DA4A7 = {
						CreatedOnToolsVersion = 12.1.1;
					};
					1879B490257D6F36001DA4A7 = {
						CreatedOnToolsVersion = 12.1.1;
					};
					1879B49C257D6F38001DA4A7 = {
						CreatedOnToolsVersion = 12.1.1;
					};
				};
			};
			buildConfigurationList = 1879B48A257D6F36001DA4A7 /* Build configuration list for PBXProject "NoteDictate" */;
			compatibilityVersion = "Xcode 9.3";
			developmentRegion = en;
			hasScannedForEncodings = 0;
			knownRegions = (
				en,
				Base,
			);
			mainGroup = 1879B486257D6F36001DA4A7;
			productRefGroup = 1879B48E257D6F36001DA4A7 /* Products */;
			projectDirPath = "";
			projectRoot = "";
			targets = (
				1879B48C257D6F36001DA4A7 /* NoteDictate */,
				1879B490257D6F36001DA4A7 /* NoteDictate WatchKit App */,
				1879B49C257D6F38001DA4A7 /* NoteDictate WatchKit Extension */,
			);
		};
/* End PBXProject section */

/* Begin PBXResourcesBuildPhase section */
		1879B48B257D6F36001DA4A7 /* Resources */ = {
			isa = PBXResourcesBuildPhase;
			buildActionMask = 2147483647;
			files = (
			);
			runOnlyForDeploymentPostprocessing = 0;
		};
		1879B48F257D6F36001DA4A7 /* Resources */ = {
			isa = PBXResourcesBuildPhase;
			buildActionMask = 2147483647;
			files = (
				1879B497257D6F38001DA4A7 /* Assets.xcassets in Resources */,
			);
			runOnlyForDeploymentPostprocessing = 0;
		};
		1879B49B257D6F38001DA4A7 /* Resources */ = {
			isa = PBXResourcesBuildPhase;
			buildActionMask = 2147483647;
			files = (
				1879B4AC257D6F38001DA4A7 /* Preview Assets.xcassets in Resources */,
				1879B4A9257D6F38001DA4A7 /* Assets.xcassets in Resources */,
			);
			runOnlyForDeploymentPostprocessing = 0;
		};
/* End PBXResourcesBuildPhase section */

/* Begin PBXSourcesBuildPhase section */
		1879B499257D6F38001DA4A7 /* Sources */ = {
			isa = PBXSourcesBuildPhase;
			buildActionMask = 2147483647;
			files = (
				1879B4A5257D6F38001DA4A7 /* NoteDictateApp.swift in Sources */,
				1879B4A3257D6F38001DA4A7 /* ContentView.swift in Sources */,
				1879B4A7257D6F38001DA4A7 /* ComplicationController.swift in Sources */,
				1879B4C2257D7175001DA4A7 /* Note.swift in Sources */,
			);
			runOnlyForDeploymentPostprocessing = 0;
		};
/* End PBXSourcesBuildPhase section */

/* Begin PBXTargetDependency section */
		1879B494257D6F36001DA4A7 /* PBXTargetDependency */ = {
			isa = PBXTargetDependency;
			target = 1879B490257D6F36001DA4A7 /* NoteDictate WatchKit App */;
			targetProxy = 1879B493257D6F36001DA4A7 /* PBXContainerItemProxy */;
		};
		1879B4A0257D6F38001DA4A7 /* PBXTargetDependency */ = {
			isa = PBXTargetDependency;
			target = 1879B49C257D6F38001DA4A7 /* NoteDictate WatchKit Extension */;
			targetProxy = 1879B49F257D6F38001DA4A7 /* PBXContainerItemProxy */;
		};
/* End PBXTargetDependency section */

/* Begin XCBuildConfiguration section */
		1879B4AE257D6F39001DA4A7 /* Debug */ = {
			isa = XCBuildConfiguration;
			buildSettings = {
				ALWAYS_SEARCH_USER_PATHS = NO;
				CLANG_ANALYZER_NONNULL = YES;
				CLANG_ANALYZER_NUMBER_OBJECT_CONVERSION = YES_AGGRESSIVE;
				CLANG_CXX_LANGUAGE_STANDARD = "gnu++14";
				CLANG_CXX_LIBRARY = "libc++";
				CLANG_ENABLE_MODULES = YES;
				CLANG_ENABLE_OBJC_ARC = YES;
				CLANG_ENABLE_OBJC_WEAK = YES;
				CLANG_WARN_BLOCK_CAPTURE_AUTORELEASING = YES;
				CLANG_WARN_BOOL_CONVERSION = YES;
				CLANG_WARN_COMMA = YES;
				CLANG_WARN_CONSTANT_CONVERSION = YES;
				CLANG_WARN_DEPRECATED_OBJC_IMPLEMENTATIONS = YES;
				CLANG_WARN_DIRECT_OBJC_ISA_USAGE = YES_ERROR;
				CLANG_WARN_DOCUMENTATION_COMMENTS = YES;
				CLANG_WARN_EMPTY_BODY = YES;
				CLANG_WARN_ENUM_CONVERSION = YES;
				CLANG_WARN_INFINITE_RECURSION = YES;
				CLANG_WARN_INT_CONVERSION = YES;
				CLANG_WARN_NON_LITERAL_NULL_CONVERSION = YES;
				CLANG_WARN_OBJC_IMPLICIT_RETAIN_SELF = YES;
				CLANG_WARN_OBJC_LITERAL_CONVERSION = YES;
				CLANG_WARN_OBJC_ROOT_CLASS = YES_ERROR;
				CLANG_WARN_QUOTED_INCLUDE_IN_FRAMEWORK_HEADER = YES;
				CLANG_WARN_RANGE_LOOP_ANALYSIS = YES;
				CLANG_WARN_STRICT_PROTOTYPES = YES;
				CLANG_WARN_SUSPICIOUS_MOVE = YES;
				CLANG_WARN_UNGUARDED_AVAILABILITY = YES_AGGRESSIVE;
				CLANG_WARN_UNREACHABLE_CODE = YES;
				CLANG_WARN__DUPLICATE_METHOD_MATCH = YES;
				COPY_PHASE_STRIP = NO;
				DEBUG_INFORMATION_FORMAT = dwarf;
				ENABLE_STRICT_OBJC_MSGSEND = YES;
				ENABLE_TESTABILITY = YES;
				GCC_C_LANGUAGE_STANDARD = gnu11;
				GCC_DYNAMIC_NO_PIC = NO;
				GCC_NO_COMMON_BLOCKS = YES;
				GCC_OPTIMIZATION_LEVEL = 0;
				GCC_PREPROCESSOR_DEFINITIONS = (
					"DEBUG=1",
					"$(inherited)",
				);
				GCC_WARN_64_TO_32_BIT_CONVERSION = YES;
				GCC_WARN_ABOUT_RETURN_TYPE = YES_ERROR;
				GCC_WARN_UNDECLARED_SELECTOR = YES;
				GCC_WARN_UNINITIALIZED_AUTOS = YES_AGGRESSIVE;
				GCC_WARN_UNUSED_FUNCTION = YES;
				GCC_WARN_UNUSED_VARIABLE = YES;
				MTL_ENABLE_DEBUG_INFO = INCLUDE_SOURCE;
				MTL_FAST_MATH = YES;
				ONLY_ACTIVE_ARCH = YES;
				SDKROOT = iphoneos;
				SWIFT_ACTIVE_COMPILATION_CONDITIONS = DEBUG;
				SWIFT_OPTIMIZATION_LEVEL = "-Onone";
			};
			name = Debug;
		};
		1879B4AF257D6F39001DA4A7 /* Release */ = {
			isa = XCBuildConfiguration;
			buildSettings = {
				ALWAYS_SEARCH_USER_PATHS = NO;
				CLANG_ANALYZER_NONNULL = YES;
				CLANG_ANALYZER_NUMBER_OBJECT_CONVERSION = YES_AGGRESSIVE;
				CLANG_CXX_LANGUAGE_STANDARD = "gnu++14";
				CLANG_CXX_LIBRARY = "libc++";
				CLANG_ENABLE_MODULES = YES;
				CLANG_ENABLE_OBJC_ARC = YES;
				CLANG_ENABLE_OBJC_WEAK = YES;
				CLANG_WARN_BLOCK_CAPTURE_AUTORELEASING = YES;
				CLANG_WARN_BOOL_CONVERSION = YES;
				CLANG_WARN_COMMA = YES;
				CLANG_WARN_CONSTANT_CONVERSION = YES;
				CLANG_WARN_DEPRECATED_OBJC_IMPLEMENTATIONS = YES;
				CLANG_WARN_DIRECT_OBJC_ISA_USAGE = YES_ERROR;
				CLANG_WARN_DOCUMENTATION_COMMENTS = YES;
				CLANG_WARN_EMPTY_BODY = YES;
				CLANG_WARN_ENUM_CONVERSION = YES;
				CLANG_WARN_INFINITE_RECURSION = YES;
				CLANG_WARN_INT_CONVERSION = YES;
				CLANG_WARN_NON_LITERAL_NULL_CONVERSION = YES;
				CLANG_WARN_OBJC_IMPLICIT_RETAIN_SELF = YES;
				CLANG_WARN_OBJC_LITERAL_CONVERSION = YES;
				CLANG_WARN_OBJC_ROOT_CLASS = YES_ERROR;
				CLANG_WARN_QUOTED_INCLUDE_IN_FRAMEWORK_HEADER = YES;
				CLANG_WARN_RANGE_LOOP_ANALYSIS = YES;
				CLANG_WARN_STRICT_PROTOTYPES = YES;
				CLANG_WARN_SUSPICIOUS_MOVE = YES;
				CLANG_WARN_UNGUARDED_AVAILABILITY = YES_AGGRESSIVE;
				CLANG_WARN_UNREACHABLE_CODE = YES;
				CLANG_WARN__DUPLICATE_METHOD_MATCH = YES;
				COPY_PHASE_STRIP = NO;
				DEBUG_INFORMATION_FORMAT = "dwarf-with-dsym";
				ENABLE_NS_ASSERTIONS = NO;
				ENABLE_STRICT_OBJC_MSGSEND = YES;
				GCC_C_LANGUAGE_STANDARD = gnu11;
				GCC_NO_COMMON_BLOCKS = YES;
				GCC_WARN_64_TO_32_BIT_CONVERSION = YES;
				GCC_WARN_ABOUT_RETURN_TYPE = YES_ERROR;
				GCC_WARN_UNDECLARED_SELECTOR = YES;
				GCC_WARN_UNINITIALIZED_AUTOS = YES_AGGRESSIVE;
				GCC_WARN_UNUSED_FUNCTION = YES;
				GCC_WARN_UNUSED_VARIABLE = YES;
				MTL_ENABLE_DEBUG_INFO = NO;
				MTL_FAST_MATH = YES;
				SDKROOT = iphoneos;
				SWIFT_COMPILATION_MODE = wholemodule;
				SWIFT_OPTIMIZATION_LEVEL = "-O";
				VALIDATE_PRODUCT = YES;
			};
			name = Release;
		};
		1879B4B1257D6F39001DA4A7 /* Debug */ = {
			isa = XCBuildConfiguration;
			buildSettings = {
				ASSETCATALOG_COMPILER_COMPLICATION_NAME = Complication;
				CODE_SIGN_STYLE = Automatic;
				DEVELOPMENT_ASSET_PATHS = "\"NoteDictate WatchKit Extension/Preview Content\"";
				DEVELOPMENT_TEAM = TXH9ALPT83;
				ENABLE_PREVIEWS = YES;
				INFOPLIST_FILE = "NoteDictate WatchKit Extension/Info.plist";
				LD_RUNPATH_SEARCH_PATHS = (
					"$(inherited)",
					"@executable_path/Frameworks",
					"@executable_path/../../Frameworks",
				);
				PRODUCT_BUNDLE_IDENTIFIER = com.aaronmhr.NoteDictate.watchkitapp.watchkitextension;
				PRODUCT_NAME = "${TARGET_NAME}";
				SDKROOT = watchos;
				SKIP_INSTALL = YES;
				SWIFT_VERSION = 5.0;
				TARGETED_DEVICE_FAMILY = 4;
				WATCHOS_DEPLOYMENT_TARGET = 7.1;
			};
			name = Debug;
		};
		1879B4B2257D6F39001DA4A7 /* Release */ = {
			isa = XCBuildConfiguration;
			buildSettings = {
				ASSETCATALOG_COMPILER_COMPLICATION_NAME = Complication;
				CODE_SIGN_STYLE = Automatic;
				DEVELOPMENT_ASSET_PATHS = "\"NoteDictate WatchKit Extension/Preview Content\"";
				DEVELOPMENT_TEAM = TXH9ALPT83;
				ENABLE_PREVIEWS = YES;
				INFOPLIST_FILE = "NoteDictate WatchKit Extension/Info.plist";
				LD_RUNPATH_SEARCH_PATHS = (
					"$(inherited)",
					"@executable_path/Frameworks",
					"@executable_path/../../Frameworks",
				);
				PRODUCT_BUNDLE_IDENTIFIER = com.aaronmhr.NoteDictate.watchkitapp.watchkitextension;
				PRODUCT_NAME = "${TARGET_NAME}";
				SDKROOT = watchos;
				SKIP_INSTALL = YES;
				SWIFT_VERSION = 5.0;
				TARGETED_DEVICE_FAMILY = 4;
				WATCHOS_DEPLOYMENT_TARGET = 7.1;
			};
			name = Release;
		};
		1879B4B5257D6F39001DA4A7 /* Debug */ = {
			isa = XCBuildConfiguration;
			buildSettings = {
				ALWAYS_EMBED_SWIFT_STANDARD_LIBRARIES = YES;
				ASSETCATALOG_COMPILER_APPICON_NAME = AppIcon;
				ASSETCATALOG_COMPILER_GLOBAL_ACCENT_COLOR_NAME = AccentColor;
				CODE_SIGN_STYLE = Automatic;
				DEVELOPMENT_TEAM = TXH9ALPT83;
				IBSC_MODULE = NoteDictate_WatchKit_Extension;
				INFOPLIST_FILE = "NoteDictate WatchKit App/Info.plist";
				PRODUCT_BUNDLE_IDENTIFIER = com.aaronmhr.NoteDictate.watchkitapp;
				PRODUCT_NAME = "$(TARGET_NAME)";
				SDKROOT = watchos;
				SKIP_INSTALL = YES;
				SWIFT_VERSION = 5.0;
				TARGETED_DEVICE_FAMILY = 4;
				WATCHOS_DEPLOYMENT_TARGET = 7.1;
			};
			name = Debug;
		};
		1879B4B6257D6F39001DA4A7 /* Release */ = {
			isa = XCBuildConfiguration;
			buildSettings = {
				ALWAYS_EMBED_SWIFT_STANDARD_LIBRARIES = YES;
				ASSETCATALOG_COMPILER_APPICON_NAME = AppIcon;
				ASSETCATALOG_COMPILER_GLOBAL_ACCENT_COLOR_NAME = AccentColor;
				CODE_SIGN_STYLE = Automatic;
				DEVELOPMENT_TEAM = TXH9ALPT83;
				IBSC_MODULE = NoteDictate_WatchKit_Extension;
				INFOPLIST_FILE = "NoteDictate WatchKit App/Info.plist";
				PRODUCT_BUNDLE_IDENTIFIER = com.aaronmhr.NoteDictate.watchkitapp;
				PRODUCT_NAME = "$(TARGET_NAME)";
				SDKROOT = watchos;
				SKIP_INSTALL = YES;
				SWIFT_VERSION = 5.0;
				TARGETED_DEVICE_FAMILY = 4;
				WATCHOS_DEPLOYMENT_TARGET = 7.1;
			};
			name = Release;
		};
		1879B4B9257D6F39001DA4A7 /* Debug */ = {
			isa = XCBuildConfiguration;
			buildSettings = {
				CODE_SIGN_STYLE = Automatic;
				CURRENT_PROJECT_VERSION = 1;
				DEVELOPMENT_TEAM = TXH9ALPT83;
				MARKETING_VERSION = 1.0;
				PRODUCT_BUNDLE_IDENTIFIER = com.aaronmhr.NoteDictate;
				PRODUCT_NAME = "$(TARGET_NAME)";
				SWIFT_VERSION = 5.0;
			};
			name = Debug;
		};
		1879B4BA257D6F39001DA4A7 /* Release */ = {
			isa = XCBuildConfiguration;
			buildSettings = {
				CODE_SIGN_STYLE = Automatic;
				CURRENT_PROJECT_VERSION = 1;
				DEVELOPMENT_TEAM = TXH9ALPT83;
				MARKETING_VERSION = 1.0;
				PRODUCT_BUNDLE_IDENTIFIER = com.aaronmhr.NoteDictate;
				PRODUCT_NAME = "$(TARGET_NAME)";
				SWIFT_VERSION = 5.0;
			};
			name = Release;
		};
/* End XCBuildConfiguration section */

/* Begin XCConfigurationList section */
		1879B48A257D6F36001DA4A7 /* Build configuration list for PBXProject "NoteDictate" */ = {
			isa = XCConfigurationList;
			buildConfigurations = (
				1879B4AE257D6F39001DA4A7 /* Debug */,
				1879B4AF257D6F39001DA4A7 /* Release */,
			);
			defaultConfigurationIsVisible = 0;
			defaultConfigurationName = Release;
		};
		1879B4B0257D6F39001DA4A7 /* Build configuration list for PBXNativeTarget "NoteDictate WatchKit Extension" */ = {
			isa = XCConfigurationList;
			buildConfigurations = (
				1879B4B1257D6F39001DA4A7 /* Debug */,
				1879B4B2257D6F39001DA4A7 /* Release */,
			);
			defaultConfigurationIsVisible = 0;
			defaultConfigurationName = Release;
		};
		1879B4B4257D6F39001DA4A7 /* Build configuration list for PBXNativeTarget "NoteDictate WatchKit App" */ = {
			isa = XCConfigurationList;
			buildConfigurations = (
				1879B4B5257D6F39001DA4A7 /* Debug */,
				1879B4B6257D6F39001DA4A7 /* Release */,
			);
			defaultConfigurationIsVisible = 0;
			defaultConfigurationName = Release;
		};
		1879B4B8257D6F39001DA4A7 /* Build configuration list for PBXNativeTarget "NoteDictate" */ = {
			isa = XCConfigurationList;
			buildConfigurations = (
				1879B4B9257D6F39001DA4A7 /* Debug */,
				1879B4BA257D6F39001DA4A7 /* Release */,
			);
			defaultConfigurationIsVisible = 0;
			defaultConfigurationName = Release;
		};
/* End XCConfigurationList section */
	};
	rootObject = 1879B487257D6F36001DA4A7 /* Project object */;
}
